
Microsoft Visual Studio Solution File, Format Version 12.00
# Visual Studio Version 16
VisualStudioVersion = 16.0.31624.102
MinimumVisualStudioVersion = 10.0.40219.1
Project("{FAE04EC0-301F-11D3-BF4B-00C04F79EFBC}") = "SignalR_Server", "SignalR_Server\SignalR_Server.csproj", "{F8DBFFA9-EE83-4506-98E8-0616B18B01DD}"
EndProject
Project("{FAE04EC0-301F-11D3-BF4B-00C04F79EFBC}") = "SignalR_Net_Client", "SignalR_Net_Client\SignalR_Net_Client.csproj", "{8CB89E2A-DED2-4633-84F0-F83FEE99D378}"
EndProject
Global
	GlobalSection(SolutionConfigurationPlatforms) = preSolution
		Debug|Any CPU = Debug|Any CPU
		Release|Any CPU = Release|Any CPU
	EndGlobalSection
	GlobalSection(ProjectConfigurationPlatforms) = postSolution
		{F8DBFFA9-EE83-4506-98E8-0616B18B01DD}.Debug|Any CPU.ActiveCfg = Debug|Any CPU
		{F8DBFFA9-EE83-4506-98E8-0616B18B01DD}.Debug|Any CPU.Build.0 = Debug|Any CPU
		{F8DBFFA9-EE83-4506-98E8-0616B18B01DD}.Release|Any CPU.ActiveCfg = Release|Any CPU
		{F8DBFFA9-EE83-4506-98E8-0616B18B01DD}.Release|Any CPU.Build.0 = Release|Any CPU
		{8CB89E2A-DED2-4633-84F0-F83FEE99D378}.Debug|Any CPU.ActiveCfg = Debug|Any CPU
		{8CB89E2A-DED2-4633-84F0-F83FEE99D378}.Debug|Any CPU.Build.0 = Debug|Any CPU
		{8CB89E2A-DED2-4633-84F0-F83FEE99D378}.Release|Any CPU.ActiveCfg = Release|Any CPU
		{8CB89E2A-DED2-4633-84F0-F83FEE99D378}.Release|Any CPU.Build.0 = Release|Any CPU
	EndGlobalSection
	GlobalSection(SolutionProperties) = preSolution
		HideSolutionNode = FALSE
	EndGlobalSection
	GlobalSection(ExtensibilityGlobals) = postSolution
		SolutionGuid = {4311356D-FC25-42A6-888E-05AE1CB291DA}
	EndGlobalSection
EndGlobal
